{
  "name": "miniprogram",
  "version": "1.0.0",
  "lockfileVersion": 1,
  "requires": true,
  "dependencies": {
    "wux-weapp": {
      "version": "3.7.1",
      "resolved": "http://r.cnpmjs.org/wux-weapp/download/wux-weapp-3.7.1.tgz",
      "integrity": "sha1-lCo9Zdo6FtSo7rdXJdMYka0+gFg="
    }
  }
}
